# This file is generated by running "yarn install" inside your project.
# Manual changes might be lost - proceed with caution!

__metadata:
  version: 8
  cacheKey: 10c0

"@algolia/client-abtesting@npm:5.20.3":
  version: 5.20.3
  resolution: "@algolia/client-abtesting@npm:5.20.3"
  dependencies:
    "@algolia/client-common": "npm:5.20.3"
    "@algolia/requester-browser-xhr": "npm:5.20.3"
    "@algolia/requester-fetch": "npm:5.20.3"
    "@algolia/requester-node-http": "npm:5.20.3"
  checksum: 10c0/f0cdf706b00c50e0a5643291a04a39591c47d0a54ce2c22a24b4a2cdd652284acf877327c62649d142e02307338b882ec7967eed9d4c1b494f814e08de4012a5
  languageName: node
  linkType: hard

"@algolia/client-analytics@npm:5.20.3":
  version: 5.20.3
  resolution: "@algolia/client-analytics@npm:5.20.3"
  dependencies:
    "@algolia/client-common": "npm:5.20.3"
    "@algolia/requester-browser-xhr": "npm:5.20.3"
    "@algolia/requester-fetch": "npm:5.20.3"
    "@algolia/requester-node-http": "npm:5.20.3"
  checksum: 10c0/9f00da684ba3c19bd77a8a20d54623d9a0da690741580e101bb228e7d479d6148f076b9af7ae2a7e46cb857a3fc1f203574f02ebae25d675ea14b01bb0cccb3b
  languageName: node
  linkType: hard

"@algolia/client-common@npm:5.20.3":
  version: 5.20.3
  resolution: "@algolia/client-common@npm:5.20.3"
  checksum: 10c0/39ea004c498e903a1be01318a0160e3c8701d60e60035185ab4362e8b18273564daee110b1023c6997f87b6b52c384fc7d4613a542932aba4bd20ffce1bf911e
  languageName: node
  linkType: hard

"@algolia/client-insights@npm:5.20.3":
  version: 5.20.3
  resolution: "@algolia/client-insights@npm:5.20.3"
  dependencies:
    "@algolia/client-common": "npm:5.20.3"
    "@algolia/requester-browser-xhr": "npm:5.20.3"
    "@algolia/requester-fetch": "npm:5.20.3"
    "@algolia/requester-node-http": "npm:5.20.3"
  checksum: 10c0/3aa70fc67ffbd2f5db45e6aa901256e3a2db444592b65432fe4fb685391bfb683943d79ccf6941041e2ffbb16a986da26de44ed7730b0de21da47ec54345b050
  languageName: node
  linkType: hard

"@algolia/client-personalization@npm:5.20.3":
  version: 5.20.3
  resolution: "@algolia/client-personalization@npm:5.20.3"
  dependencies:
    "@algolia/client-common": "npm:5.20.3"
    "@algolia/requester-browser-xhr": "npm:5.20.3"
    "@algolia/requester-fetch": "npm:5.20.3"
    "@algolia/requester-node-http": "npm:5.20.3"
  checksum: 10c0/7d702d88d112c1d0316c4be00b04490e76838fba3a96d2916d7c7bc15a9bbb5c7dae062562cef9446fef9fd2ba1f22b9301a5aa827833f9e1e35ddf19e061419
  languageName: node
  linkType: hard

"@algolia/client-query-suggestions@npm:5.20.3":
  version: 5.20.3
  resolution: "@algolia/client-query-suggestions@npm:5.20.3"
  dependencies:
    "@algolia/client-common": "npm:5.20.3"
    "@algolia/requester-browser-xhr": "npm:5.20.3"
    "@algolia/requester-fetch": "npm:5.20.3"
    "@algolia/requester-node-http": "npm:5.20.3"
  checksum: 10c0/32233abd0dc98ff50072054d19dfd391b4b5913938a240f557d3271ca76bb237237601c8040d58aa5f1504ca38cfed214684d553a4096093ed73dc8878055a2a
  languageName: node
  linkType: hard

"@algolia/client-search@npm:5.20.3":
  version: 5.20.3
  resolution: "@algolia/client-search@npm:5.20.3"
  dependencies:
    "@algolia/client-common": "npm:5.20.3"
    "@algolia/requester-browser-xhr": "npm:5.20.3"
    "@algolia/requester-fetch": "npm:5.20.3"
    "@algolia/requester-node-http": "npm:5.20.3"
  checksum: 10c0/c13750f47ec6ecd8a6b4336a5b28e85fa108e764bb7794be53a4c9bac1bd154494fb1f81cd42ecaefd805058809058e3edd4c415cab1a9ecb83ba50d6906827e
  languageName: node
  linkType: hard

"@algolia/ingestion@npm:1.20.3":
  version: 1.20.3
  resolution: "@algolia/ingestion@npm:1.20.3"
  dependencies:
    "@algolia/client-common": "npm:5.20.3"
    "@algolia/requester-browser-xhr": "npm:5.20.3"
    "@algolia/requester-fetch": "npm:5.20.3"
    "@algolia/requester-node-http": "npm:5.20.3"
  checksum: 10c0/bb74158f5c5a944255802ef3b6c3cff8ed40628487b025940e085f41ac6248979f55993022fba3538e54de9ad3c5e7f77e986747b88c350c0f6f83aaf5f7acb7
  languageName: node
  linkType: hard

"@algolia/monitoring@npm:1.20.3":
  version: 1.20.3
  resolution: "@algolia/monitoring@npm:1.20.3"
  dependencies:
    "@algolia/client-common": "npm:5.20.3"
    "@algolia/requester-browser-xhr": "npm:5.20.3"
    "@algolia/requester-fetch": "npm:5.20.3"
    "@algolia/requester-node-http": "npm:5.20.3"
  checksum: 10c0/74164a78bcbfb374311262dcbb654becf87af2815b1e31fb3bb0c1a99bd81935b2ac608a943dda18f375f0d77c4abc4a6c2990ef00f178d278595a47265cbdeb
  languageName: node
  linkType: hard

"@algolia/recommend@npm:5.20.3":
  version: 5.20.3
  resolution: "@algolia/recommend@npm:5.20.3"
  dependencies:
    "@algolia/client-common": "npm:5.20.3"
    "@algolia/requester-browser-xhr": "npm:5.20.3"
    "@algolia/requester-fetch": "npm:5.20.3"
    "@algolia/requester-node-http": "npm:5.20.3"
  checksum: 10c0/e1ad2d80e4347340eeae43efaacd26bd95195af74295360fa55f3b6e6ab3b5ce6830da00964d77162829077538358a014bc0e8b11863eafeb57a02c44ce990f7
  languageName: node
  linkType: hard

"@algolia/requester-browser-xhr@npm:5.20.3":
  version: 5.20.3
  resolution: "@algolia/requester-browser-xhr@npm:5.20.3"
  dependencies:
    "@algolia/client-common": "npm:5.20.3"
  checksum: 10c0/32643164447489abea0ab16c974f557195a8e33ad7d0c46df5de8735509d2181bc29035119c97a2c12c9de4584cb35b5da6307e5e73aa595853cc0ea6b0b7748
  languageName: node
  linkType: hard

"@algolia/requester-fetch@npm:5.20.3":
  version: 5.20.3
  resolution: "@algolia/requester-fetch@npm:5.20.3"
  dependencies:
    "@algolia/client-common": "npm:5.20.3"
  checksum: 10c0/6e252860dfb69d2ca6105c36578af7fc49e205b1558164a9716d85560ee081116619a36854ab8e7f2b37a0a1e91809e630275605bef850a808e62acc16b5bd27
  languageName: node
  linkType: hard

"@algolia/requester-node-http@npm:5.20.3":
  version: 5.20.3
  resolution: "@algolia/requester-node-http@npm:5.20.3"
  dependencies:
    "@algolia/client-common": "npm:5.20.3"
  checksum: 10c0/19cea255d6015cf677729c17fd0def255ef3941197644eff028bda041ba8978994082db3ad8fc7b2bfc6989b9717f5b88ebb605a6dceadf8debcc90c14cac6a1
  languageName: node
  linkType: hard

"algolia-uploader@workspace:.":
  version: 0.0.0-use.local
  resolution: "algolia-uploader@workspace:."
  dependencies:
    algoliasearch: "npm:^5.20.3"
    citty: "npm:^0.1.6"
    dotenv: "npm:^16.4.7"
    husky: "npm:^9.1.7"
    jiti: "npm:^2.4.2"
    typescript: "npm:^5.7.3"
  languageName: unknown
  linkType: soft

"algoliasearch@npm:^5.20.3":
  version: 5.20.3
  resolution: "algoliasearch@npm:5.20.3"
  dependencies:
    "@algolia/client-abtesting": "npm:5.20.3"
    "@algolia/client-analytics": "npm:5.20.3"
    "@algolia/client-common": "npm:5.20.3"
    "@algolia/client-insights": "npm:5.20.3"
    "@algolia/client-personalization": "npm:5.20.3"
    "@algolia/client-query-suggestions": "npm:5.20.3"
    "@algolia/client-search": "npm:5.20.3"
    "@algolia/ingestion": "npm:1.20.3"
    "@algolia/monitoring": "npm:1.20.3"
    "@algolia/recommend": "npm:5.20.3"
    "@algolia/requester-browser-xhr": "npm:5.20.3"
    "@algolia/requester-fetch": "npm:5.20.3"
    "@algolia/requester-node-http": "npm:5.20.3"
  checksum: 10c0/047408fd51e0ab1403997253da3e2f86567c04f1dc13061594afbc6ab52156f5c6fe37df6c1886cb4029e4046a5f712b73f43f4cf86c4c04c96ad366fac98e56
  languageName: node
  linkType: hard

"citty@npm:^0.1.6":
  version: 0.1.6
  resolution: "citty@npm:0.1.6"
  dependencies:
    consola: "npm:^3.2.3"
  checksum: 10c0/d26ad82a9a4a8858c7e149d90b878a3eceecd4cfd3e2ed3cd5f9a06212e451fb4f8cbe0fa39a3acb1b3e8f18e22db8ee5def5829384bad50e823d4b301609b48
  languageName: node
  linkType: hard

"consola@npm:^3.2.3":
  version: 3.4.0
  resolution: "consola@npm:3.4.0"
  checksum: 10c0/bc7f7ad46514375109a80f3ae8330097eb1e5d89232a24eb830f3ac383e22036a62c53d33561cd73d7cda4b3691fba85e3dcf35229ef7721b324aae291ceb40c
  languageName: node
  linkType: hard

"dotenv@npm:^16.4.7":
  version: 16.4.7
  resolution: "dotenv@npm:16.4.7"
  checksum: 10c0/be9f597e36a8daf834452daa1f4cc30e5375a5968f98f46d89b16b983c567398a330580c88395069a77473943c06b877d1ca25b4afafcdd6d4adb549e8293462
  languageName: node
  linkType: hard

"husky@npm:^9.1.7":
  version: 9.1.7
  resolution: "husky@npm:9.1.7"
  bin:
    husky: bin.js
  checksum: 10c0/35bb110a71086c48906aa7cd3ed4913fb913823715359d65e32e0b964cb1e255593b0ae8014a5005c66a68e6fa66c38dcfa8056dbbdfb8b0187c0ffe7ee3a58f
  languageName: node
  linkType: hard

"jiti@npm:^2.4.2":
  version: 2.4.2
  resolution: "jiti@npm:2.4.2"
  bin:
    jiti: lib/jiti-cli.mjs
  checksum: 10c0/4ceac133a08c8faff7eac84aabb917e85e8257f5ad659e843004ce76e981c457c390a220881748ac67ba1b940b9b729b30fb85cbaf6e7989f04b6002c94da331
  languageName: node
  linkType: hard

"typescript@npm:^5.7.3":
  version: 5.7.3
  resolution: "typescript@npm:5.7.3"
  bin:
    tsc: bin/tsc
    tsserver: bin/tsserver
  checksum: 10c0/b7580d716cf1824736cc6e628ab4cd8b51877408ba2be0869d2866da35ef8366dd6ae9eb9d0851470a39be17cbd61df1126f9e211d8799d764ea7431d5435afa
  languageName: node
  linkType: hard

"typescript@patch:typescript@npm%3A^5.7.3#optional!builtin<compat/typescript>":
  version: 5.7.3
  resolution: "typescript@patch:typescript@npm%3A5.7.3#optional!builtin<compat/typescript>::version=5.7.3&hash=5786d5"
  bin:
    tsc: bin/tsc
    tsserver: bin/tsserver
  checksum: 10c0/6fd7e0ed3bf23a81246878c613423730c40e8bdbfec4c6e4d7bf1b847cbb39076e56ad5f50aa9d7ebd89877999abaee216002d3f2818885e41c907caaa192cc4
  languageName: node
  linkType: hard
